
Microsoft Visual Studio Solution File, Format Version 12.00
# Visual Studio Version 16
VisualStudioVersion = 16.0.29411.108
MinimumVisualStudioVersion = 10.0.40219.1
Project("{FAE04EC0-301F-11D3-BF4B-00C04F79EFBC}") = "01Adapter", "01Adapter\01Adapter.csproj", "{C37C8E1B-0D51-4694-9626-2DC1DE0A00A2}"
EndProject
Project("{FAE04EC0-301F-11D3-BF4B-00C04F79EFBC}") = "01Adapter.Tests", "01Adapter.Tests\01Adapter.Tests.csproj", "{D190AD67-5CDD-44BC-A90D-3EFD5BEACDED}"
EndProject
Project("{FAE04EC0-301F-11D3-BF4B-00C04F79EFBC}") = "00Data", "00Data\00Data.csproj", "{052B4D00-8ABF-4B27-8A6B-D2C7F86E8279}"
EndProject
Project("{FAE04EC0-301F-11D3-BF4B-00C04F79EFBC}") = "02Strategy", "02Strategy\02Strategy.csproj", "{6C90CA79-ED3B-4B3F-8C7A-6625F863569F}"
EndProject
Project("{FAE04EC0-301F-11D3-BF4B-00C04F79EFBC}") = "00Data.Tests", "00Data.Tests\00Data.Tests.csproj", "{B3F09188-E58C-46F9-85EB-F5C3D261AAA3}"
EndProject
Project("{FAE04EC0-301F-11D3-BF4B-00C04F79EFBC}") = "03Iterator", "03Iterator\03Iterator.csproj", "{28E39CFF-D9B6-43F8-A298-47FFC7D85161}"
EndProject
Project("{FAE04EC0-301F-11D3-BF4B-00C04F79EFBC}") = "04Iterator2", "04Iterator2\04Iterator2.csproj", "{4F6DEA59-0F94-409F-AB5D-B42EA75B6126}"
EndProject
Project("{FAE04EC0-301F-11D3-BF4B-00C04F79EFBC}") = "05Irerator3", "05Irerator3\05Irerator3.csproj", "{39C773E4-FB6A-4807-84B5-E4AB0E493D1D}"
EndProject
Project("{FAE04EC0-301F-11D3-BF4B-00C04F79EFBC}") = "06Observer", "06Observer\06Observer.csproj", "{81E02F88-DFCB-4AD3-8E6E-ED8280DEF092}"
EndProject
Project("{FAE04EC0-301F-11D3-BF4B-00C04F79EFBC}") = "07Observer2", "07Observer2\07Observer2.csproj", "{617C0785-2B81-4828-AAC5-48F9ABF9D267}"
EndProject
Project("{FAE04EC0-301F-11D3-BF4B-00C04F79EFBC}") = "08Observer3", "08Observer3\08Observer3.csproj", "{80C1FB84-57D3-4080-B30C-C230A446DE3E}"
EndProject
Project("{FAE04EC0-301F-11D3-BF4B-00C04F79EFBC}") = "09Bridge", "09Bridge\09Bridge.csproj", "{F212849F-CA5B-48B1-A7B8-8CA247B8FDDD}"
EndProject
Global
	GlobalSection(SolutionConfigurationPlatforms) = preSolution
		Debug|Any CPU = Debug|Any CPU
		Release|Any CPU = Release|Any CPU
	EndGlobalSection
	GlobalSection(ProjectConfigurationPlatforms) = postSolution
		{C37C8E1B-0D51-4694-9626-2DC1DE0A00A2}.Debug|Any CPU.ActiveCfg = Debug|Any CPU
		{C37C8E1B-0D51-4694-9626-2DC1DE0A00A2}.Debug|Any CPU.Build.0 = Debug|Any CPU
		{C37C8E1B-0D51-4694-9626-2DC1DE0A00A2}.Release|Any CPU.ActiveCfg = Release|Any CPU
		{C37C8E1B-0D51-4694-9626-2DC1DE0A00A2}.Release|Any CPU.Build.0 = Release|Any CPU
		{D190AD67-5CDD-44BC-A90D-3EFD5BEACDED}.Debug|Any CPU.ActiveCfg = Debug|Any CPU
		{D190AD67-5CDD-44BC-A90D-3EFD5BEACDED}.Debug|Any CPU.Build.0 = Debug|Any CPU
		{D190AD67-5CDD-44BC-A90D-3EFD5BEACDED}.Release|Any CPU.ActiveCfg = Release|Any CPU
		{D190AD67-5CDD-44BC-A90D-3EFD5BEACDED}.Release|Any CPU.Build.0 = Release|Any CPU
		{052B4D00-8ABF-4B27-8A6B-D2C7F86E8279}.Debug|Any CPU.ActiveCfg = Debug|Any CPU
		{052B4D00-8ABF-4B27-8A6B-D2C7F86E8279}.Debug|Any CPU.Build.0 = Debug|Any CPU
		{052B4D00-8ABF-4B27-8A6B-D2C7F86E8279}.Release|Any CPU.ActiveCfg = Release|Any CPU
		{052B4D00-8ABF-4B27-8A6B-D2C7F86E8279}.Release|Any CPU.Build.0 = Release|Any CPU
		{6C90CA79-ED3B-4B3F-8C7A-6625F863569F}.Debug|Any CPU.ActiveCfg = Debug|Any CPU
		{6C90CA79-ED3B-4B3F-8C7A-6625F863569F}.Debug|Any CPU.Build.0 = Debug|Any CPU
		{6C90CA79-ED3B-4B3F-8C7A-6625F863569F}.Release|Any CPU.ActiveCfg = Release|Any CPU
		{6C90CA79-ED3B-4B3F-8C7A-6625F863569F}.Release|Any CPU.Build.0 = Release|Any CPU
		{B3F09188-E58C-46F9-85EB-F5C3D261AAA3}.Debug|Any CPU.ActiveCfg = Debug|Any CPU
		{B3F09188-E58C-46F9-85EB-F5C3D261AAA3}.Debug|Any CPU.Build.0 = Debug|Any CPU
		{B3F09188-E58C-46F9-85EB-F5C3D261AAA3}.Release|Any CPU.ActiveCfg = Release|Any CPU
		{B3F09188-E58C-46F9-85EB-F5C3D261AAA3}.Release|Any CPU.Build.0 = Release|Any CPU
		{28E39CFF-D9B6-43F8-A298-47FFC7D85161}.Debug|Any CPU.ActiveCfg = Debug|Any CPU
		{28E39CFF-D9B6-43F8-A298-47FFC7D85161}.Debug|Any CPU.Build.0 = Debug|Any CPU
		{28E39CFF-D9B6-43F8-A298-47FFC7D85161}.Release|Any CPU.ActiveCfg = Release|Any CPU
		{28E39CFF-D9B6-43F8-A298-47FFC7D85161}.Release|Any CPU.Build.0 = Release|Any CPU
		{4F6DEA59-0F94-409F-AB5D-B42EA75B6126}.Debug|Any CPU.ActiveCfg = Debug|Any CPU
		{4F6DEA59-0F94-409F-AB5D-B42EA75B6126}.Debug|Any CPU.Build.0 = Debug|Any CPU
		{4F6DEA59-0F94-409F-AB5D-B42EA75B6126}.Release|Any CPU.ActiveCfg = Release|Any CPU
		{4F6DEA59-0F94-409F-AB5D-B42EA75B6126}.Release|Any CPU.Build.0 = Release|Any CPU
		{39C773E4-FB6A-4807-84B5-E4AB0E493D1D}.Debug|Any CPU.ActiveCfg = Debug|Any CPU
		{39C773E4-FB6A-4807-84B5-E4AB0E493D1D}.Debug|Any CPU.Build.0 = Debug|Any CPU
		{39C773E4-FB6A-4807-84B5-E4AB0E493D1D}.Release|Any CPU.ActiveCfg = Release|Any CPU
		{39C773E4-FB6A-4807-84B5-E4AB0E493D1D}.Release|Any CPU.Build.0 = Release|Any CPU
		{81E02F88-DFCB-4AD3-8E6E-ED8280DEF092}.Debug|Any CPU.ActiveCfg = Debug|Any CPU
		{81E02F88-DFCB-4AD3-8E6E-ED8280DEF092}.Debug|Any CPU.Build.0 = Debug|Any CPU
		{81E02F88-DFCB-4AD3-8E6E-ED8280DEF092}.Release|Any CPU.ActiveCfg = Release|Any CPU
		{81E02F88-DFCB-4AD3-8E6E-ED8280DEF092}.Release|Any CPU.Build.0 = Release|Any CPU
		{617C0785-2B81-4828-AAC5-48F9ABF9D267}.Debug|Any CPU.ActiveCfg = Debug|Any CPU
		{617C0785-2B81-4828-AAC5-48F9ABF9D267}.Debug|Any CPU.Build.0 = Debug|Any CPU
		{617C0785-2B81-4828-AAC5-48F9ABF9D267}.Release|Any CPU.ActiveCfg = Release|Any CPU
		{617C0785-2B81-4828-AAC5-48F9ABF9D267}.Release|Any CPU.Build.0 = Release|Any CPU
		{80C1FB84-57D3-4080-B30C-C230A446DE3E}.Debug|Any CPU.ActiveCfg = Debug|Any CPU
		{80C1FB84-57D3-4080-B30C-C230A446DE3E}.Debug|Any CPU.Build.0 = Debug|Any CPU
		{80C1FB84-57D3-4080-B30C-C230A446DE3E}.Release|Any CPU.ActiveCfg = Release|Any CPU
		{80C1FB84-57D3-4080-B30C-C230A446DE3E}.Release|Any CPU.Build.0 = Release|Any CPU
		{F212849F-CA5B-48B1-A7B8-8CA247B8FDDD}.Debug|Any CPU.ActiveCfg = Debug|Any CPU
		{F212849F-CA5B-48B1-A7B8-8CA247B8FDDD}.Debug|Any CPU.Build.0 = Debug|Any CPU
		{F212849F-CA5B-48B1-A7B8-8CA247B8FDDD}.Release|Any CPU.ActiveCfg = Release|Any CPU
		{F212849F-CA5B-48B1-A7B8-8CA247B8FDDD}.Release|Any CPU.Build.0 = Release|Any CPU
	EndGlobalSection
	GlobalSection(SolutionProperties) = preSolution
		HideSolutionNode = FALSE
	EndGlobalSection
	GlobalSection(ExtensibilityGlobals) = postSolution
		SolutionGuid = {89BA479B-C471-4FB8-B0B7-793D7CCF8908}
	EndGlobalSection
EndGlobal
